// !$*UTF8*$!
{
	archiveVersion = 1;
	classes = {
	};
	objectVersion = 50;
	objects = {

/* Begin PBXBuildFile section */
		183462D422FDB8C00095AA29 /* AppDelegate.swift in Sources */ = {isa = PBXBuildFile; fileRef = 183462D322FDB8C00095AA29 /* AppDelegate.swift */; };
		183462D622FDB8C00095AA29 /* ViewController.swift in Sources */ = {isa = PBXBuildFile; fileRef = 183462D522FDB8C00095AA29 /* ViewController.swift */; };
		183462D922FDB8C00095AA29 /* Main.storyboard in Resources */ = {isa = PBXBuildFile; fileRef = 183462D722FDB8C00095AA29 /* Main.storyboard */; };
		183462DC22FDB8C00095AA29 /* storyBoardProject.xcdatamodeld in Sources */ = {isa = PBXBuildFile; fileRef = 183462DA22FDB8C00095AA29 /* storyBoardProject.xcdatamodeld */; };
		183462DE22FDB8C10095AA29 /* Assets.xcassets in Resources */ = {isa = PBXBuildFile; fileRef = 183462DD22FDB8C10095AA29 /* Assets.xcassets */; };
		183462E122FDB8C10095AA29 /* LaunchScreen.storyboard in Resources */ = {isa = PBXBuildFile; fileRef = 183462DF22FDB8C10095AA29 /* LaunchScreen.storyboard */; };
/* End PBXBuildFile section */

/* Begin PBXFileReference section */
		183462D022FDB8C00095AA29 /* storyBoardProject.app */ = {isa = PBXFileReference; explicitFileType = wrapper.application; includeInIndex = 0; path = storyBoardProject.app; sourceTree = BUILT_PRODUCTS_DIR; };
		183462D322FDB8C00095AA29 /* AppDelegate.swift */ = {isa = PBXFileReference; lastKnownFileType = sourcecode.swift; path = AppDelegate.swift; sourceTree = "<group>"; };
		183462D522FDB8C00095AA29 /* ViewController.swift */ = {isa = PBXFileReference; lastKnownFileType = sourcecode.swift; path = ViewController.swift; sourceTree = "<group>"; };
		183462D822FDB8C00095AA29 /* Base */ = {isa = PBXFileReference; lastKnownFileType = file.storyboard; name = Base; path = Base.lproj/Main.storyboard; sourceTree = "<group>"; };
		183462DB22FDB8C00095AA29 /* storyBoardProject.xcdatamodel */ = {isa = PBXFileReference; lastKnownFileType = wrapper.xcdatamodel; path = storyBoardProject.xcdatamodel; sourceTree = "<group>"; };
		183462DD22FDB8C10095AA29 /* Assets.xcassets */ = {isa = PBXFileReference; lastKnownFileType = folder.assetcatalog; path = Assets.xcassets; sourceTree = "<group>"; };
		183462E022FDB8C10095AA29 /* Base */ = {isa = PBXFileReference; lastKnownFileType = file.storyboard; name = Base; path = Base.lproj/LaunchScreen.storyboard; sourceTree = "<group>"; };
		183462E222FDB8C10095AA29 /* Info.plist */ = {isa = PBXFileReference; lastKnownFileType = text.plist.xml; path = Info.plist; sourceTree = "<group>"; };
/* End PBXFileReference section */

/* Begin PBXFrameworksBuildPhase section */
		183462CD22FDB8C00095AA29 /* Frameworks */ = {
			isa = PBXFrameworksBuildPhase;
			buildActionMask = 2147483647;
			files = (
			);
			runOnlyForDeploymentPostprocessing = 0;
		};
/* End PBXFrameworksBuildPhase section */

/* Begin PBXGroup section */
		183462C722FDB8C00095AA29 = {
			isa = PBXGroup;
			children = (
				183462D222FDB8C00095AA29 /* storyBoardProject */,
				183462D122FDB8C00095AA29 /* Products */,
			);
			sourceTree = "<group>";
		};
		183462D122FDB8C00095AA29 /* Products */ = {
			isa = PBXGroup;
			children = (
				183462D022FDB8C00095AA29 /* storyBoardProject.app */,
			);
			name = Products;
			sourceTree = "<group>";
		};
		183462D222FDB8C00095AA29 /* storyBoardProject */ = {
			isa = PBXGroup;
			children = (
				183462D322FDB8C00095AA29 /* AppDelegate.swift */,
				183462D522FDB8C00095AA29 /* ViewController.swift */,
				183462D722FDB8C00095AA29 /* Main.storyboard */,
				183462DD22FDB8C10095AA29 /* Assets.xcassets */,
				183462DF22FDB8C10095AA29 /* LaunchScreen.storyboard */,
				183462E222FDB8C10095AA29 /* Info.plist */,
				183462DA22FDB8C00095AA29 /* storyBoardProject.xcdatamodeld */,
			);
			path = storyBoardProject;
			sourceTree = "<group>";
		};
/* End PBXGroup section */

/* Begin PBXNativeTarget section */
		183462CF22FDB8C00095AA29 /* storyBoardProject */ = {
			isa = PBXNativeTarget;
			buildConfigurationList = 183462E522FDB8C10095AA29 /* Build configuration list for PBXNativeTarget "storyBoardProject" */;
			buildPhases = (
				183462CC22FDB8C00095AA29 /* Sources */,
				183462CD22FDB8C00095AA29 /* Frameworks */,
				183462CE22FDB8C00095AA29 /* Resources */,
			);
			buildRules = (
			);
			dependencies = (
			);
			name = storyBoardProject;
			productName = storyBoardProject;
			productReference = 183462D022FDB8C00095AA29 /* storyBoardProject.app */;
			productType = "com.apple.product-type.application";
		};
/* End PBXNativeTarget section */

/* Begin PBXProject section */
		183462C822FDB8C00095AA29 /* Project object */ = {
			isa = PBXProject;
			attributes = {
				LastSwiftUpdateCheck = 1020;
				LastUpgradeCheck = 1020;
				ORGANIZATIONNAME = KWK;
				TargetAttributes = {
					183462CF22FDB8C00095AA29 = {
						CreatedOnToolsVersion = 10.2.1;
					};
				};
			};
			buildConfigurationList = 183462CB22FDB8C00095AA29 /* Build configuration list for PBXProject "storyBoardProject" */;
			compatibilityVersion = "Xcode 9.3";
			developmentRegion = en;
			hasScannedForEncodings = 0;
			knownRegions = (
				en,
				Base,
			);
			mainGroup = 183462C722FDB8C00095AA29;
			productRefGroup = 183462D122FDB8C00095AA29 /* Products */;
			projectDirPath = "";
			projectRoot = "";
			targets = (
				183462CF22FDB8C00095AA29 /* storyBoardProject */,
			);
		};
/* End PBXProject section */

/* Begin PBXResourcesBuildPhase section */
		183462CE22FDB8C00095AA29 /* Resources */ = {
			isa = PBXResourcesBuildPhase;
			buildActionMask = 2147483647;
			files = (
				183462E122FDB8C10095AA29 /* LaunchScreen.storyboard in Resources */,
				183462DE22FDB8C10095AA29 /* Assets.xcassets in Resources */,
				183462D922FDB8C00095AA29 /* Main.storyboard in Resources */,
			);
			runOnlyForDeploymentPostprocessing = 0;
		};
/* End PBXResourcesBuildPhase section */

/* Begin PBXSourcesBuildPhase section */
		183462CC22FDB8C00095AA29 /* Sources */ = {
			isa = PBXSourcesBuildPhase;
			buildActionMask = 2147483647;
			files = (
				183462DC22FDB8C00095AA29 /* storyBoardProject.xcdatamodeld in Sources */,
				183462D622FDB8C00095AA29 /* ViewController.swift in Sources */,
				183462D422FDB8C00095AA29 /* AppDelegate.swift in Sources */,
			);
			runOnlyForDeploymentPostprocessing = 0;
		};
/* End PBXSourcesBuildPhase section */

/* Begin PBXVariantGroup section */
		183462D722FDB8C00095AA29 /* Main.storyboard */ = {
			isa = PBXVariantGroup;
			children = (
				183462D822FDB8C00095AA29 /* Base */,
			);
			name = Main.storyboard;
			sourceTree = "<group>";
		};
		183462DF22FDB8C10095AA29 /* LaunchScreen.storyboard */ = {
			isa = PBXVariantGroup;
			children = (
				183462E022FDB8C10095AA29 /* Base */,
			);
			name = LaunchScreen.storyboard;
			sourceTree = "<group>";
		};
/* End PBXVariantGroup section */

/* Begin XCBuildConfiguration section */
		183462E322FDB8C10095AA29 /* Debug */ = {
			isa = XCBuildConfiguration;
			buildSettings = {
				ALWAYS_SEARCH_USER_PATHS = NO;
				CLANG_ANALYZER_NONNULL = YES;
				CLANG_ANALYZER_NUMBER_OBJECT_CONVERSION = YES_AGGRESSIVE;
				CLANG_CXX_LANGUAGE_STANDARD = "gnu++14";
				CLANG_CXX_LIBRARY = "libc++";
				CLANG_ENABLE_MODULES = YES;
				CLANG_ENABLE_OBJC_ARC = YES;
				CLANG_ENABLE_OBJC_WEAK = YES;
				CLANG_WARN_BLOCK_CAPTURE_AUTORELEASING = YES;
				CLANG_WARN_BOOL_CONVERSION = YES;
				CLANG_WARN_COMMA = YES;
				CLANG_WARN_CONSTANT_CONVERSION = YES;
				CLANG_WARN_DEPRECATED_OBJC_IMPLEMENTATIONS = YES;
				CLANG_WARN_DIRECT_OBJC_ISA_USAGE = YES_ERROR;
				CLANG_WARN_DOCUMENTATION_COMMENTS = YES;
				CLANG_WARN_EMPTY_BODY = YES;
				CLANG_WARN_ENUM_CONVERSION = YES;
				CLANG_WARN_INFINITE_RECURSION = YES;
				CLANG_WARN_INT_CONVERSION = YES;
				CLANG_WARN_NON_LITERAL_NULL_CONVERSION = YES;
				CLANG_WARN_OBJC_IMPLICIT_RETAIN_SELF = YES;
				CLANG_WARN_OBJC_LITERAL_CONVERSION = YES;
				CLANG_WARN_OBJC_ROOT_CLASS = YES_ERROR;
				CLANG_WARN_RANGE_LOOP_ANALYSIS = YES;
				CLANG_WARN_STRICT_PROTOTYPES = YES;
				CLANG_WARN_SUSPICIOUS_MOVE = YES;
				CLANG_WARN_UNGUARDED_AVAILABILITY = YES_AGGRESSIVE;
				CLANG_WARN_UNREACHABLE_CODE = YES;
				CLANG_WARN__DUPLICATE_METHOD_MATCH = YES;
				CODE_SIGN_IDENTITY = "iPhone Developer";
				COPY_PHASE_STRIP = NO;
				DEBUG_INFORMATION_FORMAT = dwarf;
				ENABLE_STRICT_OBJC_MSGSEND = YES;
				ENABLE_TESTABILITY = YES;
				GCC_C_LANGUAGE_STANDARD = gnu11;
				GCC_DYNAMIC_NO_PIC = NO;
				GCC_NO_COMMON_BLOCKS = YES;
				GCC_OPTIMIZATION_LEVEL = 0;
				GCC_PREPROCESSOR_DEFINITIONS = (
					"DEBUG=1",
					"$(inherited)",
				);
				GCC_WARN_64_TO_32_BIT_CONVERSION = YES;
				GCC_WARN_ABOUT_RETURN_TYPE = YES_ERROR;
				GCC_WARN_UNDECLARED_SELECTOR = YES;
				GCC_WARN_UNINITIALIZED_AUTOS = YES_AGGRESSIVE;
				GCC_WARN_UNUSED_FUNCTION = YES;
				GCC_WARN_UNUSED_VARIABLE = YES;
				IPHONEOS_DEPLOYMENT_TARGET = 12.2;
				MTL_ENABLE_DEBUG_INFO = INCLUDE_SOURCE;
				MTL_FAST_MATH = YES;
				ONLY_ACTIVE_ARCH = YES;
				SDKROOT = iphoneos;
				SWIFT_ACTIVE_COMPILATION_CONDITIONS = DEBUG;
				SWIFT_OPTIMIZATION_LEVEL = "-Onone";
			};
			name = Debug;
		};
		183462E422FDB8C10095AA29 /* Release */ = {
			isa = XCBuildConfiguration;
			buildSettings = {
				ALWAYS_SEARCH_USER_PATHS = NO;
				CLANG_ANALYZER_NONNULL = YES;
				CLANG_ANALYZER_NUMBER_OBJECT_CONVERSION = YES_AGGRESSIVE;
				CLANG_CXX_LANGUAGE_STANDARD = "gnu++14";
				CLANG_CXX_LIBRARY = "libc++";
				CLANG_ENABLE_MODULES = YES;
				CLANG_ENABLE_OBJC_ARC = YES;
				CLANG_ENABLE_OBJC_WEAK = YES;
				CLANG_WARN_BLOCK_CAPTURE_AUTORELEASING = YES;
				CLANG_WARN_BOOL_CONVERSION = YES;
				CLANG_WARN_COMMA = YES;
				CLANG_WARN_CONSTANT_CONVERSION = YES;
				CLANG_WARN_DEPRECATED_OBJC_IMPLEMENTATIONS = YES;
				CLANG_WARN_DIRECT_OBJC_ISA_USAGE = YES_ERROR;
				CLANG_WARN_DOCUMENTATION_COMMENTS = YES;
				CLANG_WARN_EMPTY_BODY = YES;
				CLANG_WARN_ENUM_CONVERSION = YES;
				CLANG_WARN_INFINITE_RECURSION = YES;
				CLANG_WARN_INT_CONVERSION = YES;
				CLANG_WARN_NON_LITERAL_NULL_CONVERSION = YES;
				CLANG_WARN_OBJC_IMPLICIT_RETAIN_SELF = YES;
				CLANG_WARN_OBJC_LITERAL_CONVERSION = YES;
				CLANG_WARN_OBJC_ROOT_CLASS = YES_ERROR;
				CLANG_WARN_RANGE_LOOP_ANALYSIS = YES;
				CLANG_WARN_STRICT_PROTOTYPES = YES;
				CLANG_WARN_SUSPICIOUS_MOVE = YES;
				CLANG_WARN_UNGUARDED_AVAILABILITY = YES_AGGRESSIVE;
				CLANG_WARN_UNREACHABLE_CODE = YES;
				CLANG_WARN__DUPLICATE_METHOD_MATCH = YES;
				CODE_SIGN_IDENTITY = "iPhone Developer";
				COPY_PHASE_STRIP = NO;
				DEBUG_INFORMATION_FORMAT = "dwarf-with-dsym";
				ENABLE_NS_ASSERTIONS = NO;
				ENABLE_STRICT_OBJC_MSGSEND = YES;
				GCC_C_LANGUAGE_STANDARD = gnu11;
				GCC_NO_COMMON_BLOCKS = YES;
				GCC_WARN_64_TO_32_BIT_CONVERSION = YES;
				GCC_WARN_ABOUT_RETURN_TYPE = YES_ERROR;
				GCC_WARN_UNDECLARED_SELECTOR = YES;
				GCC_WARN_UNINITIALIZED_AUTOS = YES_AGGRESSIVE;
				GCC_WARN_UNUSED_FUNCTION = YES;
				GCC_WARN_UNUSED_VARIABLE = YES;
				IPHONEOS_DEPLOYMENT_TARGET = 12.2;
				MTL_ENABLE_DEBUG_INFO = NO;
				MTL_FAST_MATH = YES;
				SDKROOT = iphoneos;
				SWIFT_COMPILATION_MODE = wholemodule;
				SWIFT_OPTIMIZATION_LEVEL = "-O";
				VALIDATE_PRODUCT = YES;
			};
			name = Release;
		};
		183462E622FDB8C10095AA29 /* Debug */ = {
			isa = XCBuildConfiguration;
			buildSettings = {
				ASSETCATALOG_COMPILER_APPICON_NAME = AppIcon;
				CODE_SIGN_STYLE = Automatic;
				INFOPLIST_FILE = storyBoardProject/Info.plist;
				LD_RUNPATH_SEARCH_PATHS = (
					"$(inherited)",
					"@executable_path/Frameworks",
				);
				PRODUCT_BUNDLE_IDENTIFIER = KWKcom.practice.storyBoardProject;
				PRODUCT_NAME = "$(TARGET_NAME)";
				SWIFT_VERSION = 5.0;
				TARGETED_DEVICE_FAMILY = "1,2";
			};
			name = Debug;
		};
		183462E722FDB8C10095AA29 /* Release */ = {
			isa = XCBuildConfiguration;
			buildSettings = {
				ASSETCATALOG_COMPILER_APPICON_NAME = AppIcon;
				CODE_SIGN_STYLE = Automatic;
				INFOPLIST_FILE = storyBoardProject/Info.plist;
				LD_RUNPATH_SEARCH_PATHS = (
					"$(inherited)",
					"@executable_path/Frameworks",
				);
				PRODUCT_BUNDLE_IDENTIFIER = KWKcom.practice.storyBoardProject;
				PRODUCT_NAME = "$(TARGET_NAME)";
				SWIFT_VERSION = 5.0;
				TARGETED_DEVICE_FAMILY = "1,2";
			};
			name = Release;
		};
/* End XCBuildConfiguration section */

/* Begin XCConfigurationList section */
		183462CB22FDB8C00095AA29 /* Build configuration list for PBXProject "storyBoardProject" */ = {
			isa = XCConfigurationList;
			buildConfigurations = (
				183462E322FDB8C10095AA29 /* Debug */,
				183462E422FDB8C10095AA29 /* Release */,
			);
			defaultConfigurationIsVisible = 0;
			defaultConfigurationName = Release;
		};
		183462E522FDB8C10095AA29 /* Build configuration list for PBXNativeTarget "storyBoardProject" */ = {
			isa = XCConfigurationList;
			buildConfigurations = (
				183462E622FDB8C10095AA29 /* Debug */,
				183462E722FDB8C10095AA29 /* Release */,
			);
			defaultConfigurationIsVisible = 0;
			defaultConfigurationName = Release;
		};
/* End XCConfigurationList section */

/* Begin XCVersionGroup section */
		183462DA22FDB8C00095AA29 /* storyBoardProject.xcdatamodeld */ = {
			isa = XCVersionGroup;
			children = (
				183462DB22FDB8C00095AA29 /* storyBoardProject.xcdatamodel */,
			);
			currentVersion = 183462DB22FDB8C00095AA29 /* storyBoardProject.xcdatamodel */;
			path = storyBoardProject.xcdatamodeld;
			sourceTree = "<group>";
			versionGroupType = wrapper.xcdatamodel;
		};
/* End XCVersionGroup section */
	};
	rootObject = 183462C822FDB8C00095AA29 /* Project object */;
}
